
Microsoft Visual Studio Solution File, Format Version 12.00
# Visual Studio Version 16
VisualStudioVersion = 16.0.31702.278
MinimumVisualStudioVersion = 10.0.40219.1
Project("{FAE04EC0-301F-11D3-BF4B-00C04F79EFBC}") = "PinPadWebApi", "PinPadWebApi.csproj", "{53F85AAF-767D-45D8-B2A8-D7374171C482}"
EndProject
Global
	GlobalSection(SolutionConfigurationPlatforms) = preSolution
		Debug|Any CPU = Debug|Any CPU
		Release|Any CPU = Release|Any CPU
	EndGlobalSection
	GlobalSection(ProjectConfigurationPlatforms) = postSolution
		{53F85AAF-767D-45D8-B2A8-D7374171C482}.Debug|Any CPU.ActiveCfg = Debug|Any CPU
		{53F85AAF-767D-45D8-B2A8-D7374171C482}.Debug|Any CPU.Build.0 = Debug|Any CPU
		{53F85AAF-767D-45D8-B2A8-D7374171C482}.Release|Any CPU.ActiveCfg = Release|Any CPU
		{53F85AAF-767D-45D8-B2A8-D7374171C482}.Release|Any CPU.Build.0 = Release|Any CPU
	EndGlobalSection
	GlobalSection(SolutionProperties) = preSolution
		HideSolutionNode = FALSE
	EndGlobalSection
	GlobalSection(ExtensibilityGlobals) = postSolution
		SolutionGuid = {9F8BA12F-67D3-4F73-B33E-06E565B3BBE9}
	EndGlobalSection
EndGlobal
